{
  "format": 1,
  "kind": "coldsnap-nccl-source-lock",
  "repository": "https://github.com/NVIDIA/nccl.git",
  "signed_tag": "v2.31.2-1",
  "commit": "7b83616df3ae082a1f32bb74c27458bfe8153a13",
  "source_archive": "https://github.com/NVIDIA/nccl/archive/refs/tags/v2.31.2-1.tar.gz",
  "source_archive_sha256": "64adce28d88a13047abf87b9bfd2e2874888ebdef00a76b2961a53193fa651bc",
  "license": "BSD-3-Clause"
}
